{
  "name": "contact-form",
  "version": "0.1.0",
  "lockfileVersion": 1,
  "requires": true,
  "dependencies": {
    "@aws-cdk/assets": {
      "version": "0.30.0",
      "resolved": "https://registry.npmjs.org/@aws-cdk/assets/-/assets-0.30.0.tgz",
      "integrity": "sha512-XNeJQ3sxcmhYgfWuiV0D9bf2oMi/JwHNO2oIzO2CYKEXl39hKCVeVGK+LQG7agnjNZ7AeOspStWKT1Hi4C0cdg==",
      "requires": {
        "@aws-cdk/aws-iam": "^0.30.0",
        "@aws-cdk/aws-s3": "^0.30.0",
        "@aws-cdk/cdk": "^0.30.0",
        "@aws-cdk/cx-api": "^0.30.0",
        "minimatch": "^3.0.4"
      },
      "dependencies": {
        "balanced-match": {
          "version": "1.0.0",
          "bundled": true
        },
        "brace-expansion": {
          "version": "1.1.11",
          "bundled": true,
          "requires": {
            "balanced-match": "^1.0.0",
            "concat-map": "0.0.1"
          }
        },
        "concat-map": {
          "version": "0.0.1",
          "bundled": true
        },
        "minimatch": {
          "version": "3.0.4",
          "bundled": true,
          "requires": {
            "brace-expansion": "^1.1.7"
          }
        }
      }
    },
    "@aws-cdk/aws-apigateway": {
      "version": "0.30.0",
      "resolved": "https://registry.npmjs.org/@aws-cdk/aws-apigateway/-/aws-apigateway-0.30.0.tgz",
      "integrity": "sha512-7D4qpMcvnmIfdrNiC8w6hSwkFJrWUyKrBZjPona3Fjb2FAIEjZayXsuaKD3HT1dLilNLccR8vdwMlArbAf0JnQ==",
      "requires": {
        "@aws-cdk/aws-elasticloadbalancingv2": "^0.30.0",
        "@aws-cdk/aws-iam": "^0.30.0",
        "@aws-cdk/aws-lambda": "^0.30.0",
        "@aws-cdk/cdk": "^0.30.0"
      }
    },
    "@aws-cdk/aws-applicationautoscaling": {
      "version": "0.30.0",
      "resolved": "https://registry.npmjs.org/@aws-cdk/aws-applicationautoscaling/-/aws-applicationautoscaling-0.30.0.tgz",
      "integrity": "sha512-hhD+DymrKPd7rTy86V2/mVBUiom51U8E79X0zACIqpK5GhBXH2phzN9bTl9AzxQXu4aWKkkK6CVyfecuORLCyA==",
      "requires": {
        "@aws-cdk/aws-autoscaling-common": "^0.30.0",
        "@aws-cdk/aws-cloudwatch": "^0.30.0",
        "@aws-cdk/aws-iam": "^0.30.0",
        "@aws-cdk/cdk": "^0.30.0"
      }
    },
    "@aws-cdk/aws-autoscaling-api": {
      "version": "0.30.0",
      "resolved": "https://registry.npmjs.org/@aws-cdk/aws-autoscaling-api/-/aws-autoscaling-api-0.30.0.tgz",
      "integrity": "sha512-tpiqRyTuaaskbyXEvhwSGV2a1Ce1DAJr/g1jQgkg4EoTD/3kcLN3TvEF+XTmNenJP6/OiiU/8Wj5mBMXCbc+PQ==",
      "requires": {
        "@aws-cdk/aws-iam": "^0.30.0",
        "@aws-cdk/cdk": "^0.30.0"
      }
    },
    "@aws-cdk/aws-autoscaling-common": {
      "version": "0.30.0",
      "resolved": "https://registry.npmjs.org/@aws-cdk/aws-autoscaling-common/-/aws-autoscaling-common-0.30.0.tgz",
      "integrity": "sha512-G91TrbzAS6/J5Ub/4u4besz4JsGIDj/aSKHww98gFAELGqCh6rICTVh5RtfD885HJJplpTVaitEBAkfAZZqzrw==",
      "requires": {
        "@aws-cdk/aws-iam": "^0.30.0",
        "@aws-cdk/cdk": "^0.30.0"
      }
    },
    "@aws-cdk/aws-certificatemanager": {
      "version": "0.30.0",
      "resolved": "https://registry.npmjs.org/@aws-cdk/aws-certificatemanager/-/aws-certificatemanager-0.30.0.tgz",
      "integrity": "sha512-OZDyE3+LBJKsGQ+srN0bHJH66I+XBe97uhfJr+LoRgOcqpG4wLOskvlA+dxgH8ruGL2gypBQLIE1uzL/sdcABg==",
      "requires": {
        "@aws-cdk/aws-cloudformation": "^0.30.0",
        "@aws-cdk/aws-iam": "^0.30.0",
        "@aws-cdk/aws-lambda": "^0.30.0",
        "@aws-cdk/aws-route53": "^0.30.0",
        "@aws-cdk/cdk": "^0.30.0"
      }
    },
    "@aws-cdk/aws-cloudformation": {
      "version": "0.30.0",
      "resolved": "https://registry.npmjs.org/@aws-cdk/aws-cloudformation/-/aws-cloudformation-0.30.0.tgz",
      "integrity": "sha512-8tdf/xmvc7YRJLDmQWujfb7XS4vU1XwJ4QCdzCNWhFH4EAMB1yHiAtQi8fMhFdRxr3KrUZJB3MYjbYTLZo0Eng==",
      "requires": {
        "@aws-cdk/aws-iam": "^0.30.0",
        "@aws-cdk/aws-lambda": "^0.30.0",
        "@aws-cdk/aws-sns": "^0.30.0",
        "@aws-cdk/cdk": "^0.30.0"
      }
    },
    "@aws-cdk/aws-cloudwatch": {
      "version": "0.30.0",
      "resolved": "https://registry.npmjs.org/@aws-cdk/aws-cloudwatch/-/aws-cloudwatch-0.30.0.tgz",
      "integrity": "sha512-PjKVv1i+4DLCh/1UrY6QbRwpa85dsIt2odFzJG9DT0MwkMfAbtbK7mMlDK+xwOPJ5Ie+PJDWXyi4KaESWhnYBg==",
      "requires": {
        "@aws-cdk/aws-iam": "^0.30.0",
        "@aws-cdk/cdk": "^0.30.0"
      }
    },
    "@aws-cdk/aws-codedeploy-api": {
      "version": "0.30.0",
      "resolved": "https://registry.npmjs.org/@aws-cdk/aws-codedeploy-api/-/aws-codedeploy-api-0.30.0.tgz",
      "integrity": "sha512-dVvcc9afMT+3xzgcIoZEd2JS4Ijt2iVVN9/QTOJYEcmtApozaAzR+YcqsCP3g8cErZWeVU7hESQaPzYPMw4RFQ==",
      "requires": {
        "@aws-cdk/cdk": "^0.30.0"
      }
    },
    "@aws-cdk/aws-dynamodb": {
      "version": "0.30.0",
      "resolved": "https://registry.npmjs.org/@aws-cdk/aws-dynamodb/-/aws-dynamodb-0.30.0.tgz",
      "integrity": "sha512-/tQHCBl3qa6aP1uvcavtue8XxXIkMapky9DqYCe56IzWXmZqQ0liLF+0B6UswoToR9NWSWN8OYkZaAK8K/6i+g==",
      "requires": {
        "@aws-cdk/aws-applicationautoscaling": "^0.30.0",
        "@aws-cdk/aws-iam": "^0.30.0",
        "@aws-cdk/cdk": "^0.30.0"
      }
    },
    "@aws-cdk/aws-ec2": {
      "version": "0.30.0",
      "resolved": "https://registry.npmjs.org/@aws-cdk/aws-ec2/-/aws-ec2-0.30.0.tgz",
      "integrity": "sha512-UtoESPfcuqB5B0KpNMcaZ036IPYF08/kNygAeikZgrYB1dFohX3bZqisWDi+xHZBAapKPfWLPkjW+x/Eo0JlwA==",
      "requires": {
        "@aws-cdk/aws-cloudwatch": "^0.30.0",
        "@aws-cdk/aws-iam": "^0.30.0",
        "@aws-cdk/cdk": "^0.30.0",
        "@aws-cdk/cx-api": "^0.30.0"
      }
    },
    "@aws-cdk/aws-elasticloadbalancingv2": {
      "version": "0.30.0",
      "resolved": "https://registry.npmjs.org/@aws-cdk/aws-elasticloadbalancingv2/-/aws-elasticloadbalancingv2-0.30.0.tgz",
      "integrity": "sha512-JMPGUlyKrV1fExe9P22mrniH6KXTACt3crJFJFnmfbrVjOe5uJxPvfIWrkDBEezmE4blHW7sig3NdHIEV4qmFA==",
      "requires": {
        "@aws-cdk/aws-certificatemanager": "^0.30.0",
        "@aws-cdk/aws-cloudwatch": "^0.30.0",
        "@aws-cdk/aws-codedeploy-api": "^0.30.0",
        "@aws-cdk/aws-ec2": "^0.30.0",
        "@aws-cdk/aws-iam": "^0.30.0",
        "@aws-cdk/aws-route53": "^0.30.0",
        "@aws-cdk/aws-s3": "^0.30.0",
        "@aws-cdk/cdk": "^0.30.0"
      }
    },
    "@aws-cdk/aws-events": {
      "version": "0.30.0",
      "resolved": "https://registry.npmjs.org/@aws-cdk/aws-events/-/aws-events-0.30.0.tgz",
      "integrity": "sha512-pFg87xYTSXxgE+mGKzwcTmmcsUgAOG/zc7BJQrzGnISB7n7s8DImeZQGnR57W6/2fXizb4j6jLaJnEO+UXkX5Q==",
      "requires": {
        "@aws-cdk/aws-iam": "^0.30.0",
        "@aws-cdk/cdk": "^0.30.0"
      }
    },
    "@aws-cdk/aws-iam": {
      "version": "0.30.0",
      "resolved": "https://registry.npmjs.org/@aws-cdk/aws-iam/-/aws-iam-0.30.0.tgz",
      "integrity": "sha512-owrQzb0Tv6pjd/Yw1+NiQnbgcVEZtKkZS952eFu6H5/diMedABEVl0V8wjyWu6Pj/gYRGC4kpWBHTg49EuiHPQ==",
      "requires": {
        "@aws-cdk/cdk": "^0.30.0",
        "@aws-cdk/region-info": "^0.30.0"
      }
    },
    "@aws-cdk/aws-kms": {
      "version": "0.30.0",
      "resolved": "https://registry.npmjs.org/@aws-cdk/aws-kms/-/aws-kms-0.30.0.tgz",
      "integrity": "sha512-OB1wiHH6PjH96QjKqzvv1S3nXkbes1SLnAD0VUO53aX24S7HfGYnrCmdj+y9vbHEfjDsd1Jo1Ntq5gnPmmhEhQ==",
      "requires": {
        "@aws-cdk/aws-iam": "^0.30.0",
        "@aws-cdk/cdk": "^0.30.0"
      }
    },
    "@aws-cdk/aws-lambda": {
      "version": "0.30.0",
      "resolved": "https://registry.npmjs.org/@aws-cdk/aws-lambda/-/aws-lambda-0.30.0.tgz",
      "integrity": "sha512-ozLGvuRhdeyUWD9qUrEY4p7LfgU9xryvakGRKIq80EmVJKQSbR4Ws3F3ks4xejt0o6qVcOY4cCFPO8bTmUNW8g==",
      "requires": {
        "@aws-cdk/assets": "^0.30.0",
        "@aws-cdk/aws-cloudwatch": "^0.30.0",
        "@aws-cdk/aws-ec2": "^0.30.0",
        "@aws-cdk/aws-events": "^0.30.0",
        "@aws-cdk/aws-iam": "^0.30.0",
        "@aws-cdk/aws-logs": "^0.30.0",
        "@aws-cdk/aws-s3": "^0.30.0",
        "@aws-cdk/aws-s3-notifications": "^0.30.0",
        "@aws-cdk/aws-sqs": "^0.30.0",
        "@aws-cdk/aws-stepfunctions": "^0.30.0",
        "@aws-cdk/cdk": "^0.30.0",
        "@aws-cdk/cx-api": "^0.30.0"
      }
    },
    "@aws-cdk/aws-logs": {
      "version": "0.30.0",
      "resolved": "https://registry.npmjs.org/@aws-cdk/aws-logs/-/aws-logs-0.30.0.tgz",
      "integrity": "sha512-tIAX7/xTF6yyxeAh2Qsiogej+1ovV/h5mhiSa09yyu3KxxUMAmdaS1OtHSYconPvbCuVQ85qM0qSy4iL7qFdGA==",
      "requires": {
        "@aws-cdk/aws-cloudwatch": "^0.30.0",
        "@aws-cdk/aws-iam": "^0.30.0",
        "@aws-cdk/cdk": "^0.30.0"
      }
    },
    "@aws-cdk/aws-route53": {
      "version": "0.30.0",
      "resolved": "https://registry.npmjs.org/@aws-cdk/aws-route53/-/aws-route53-0.30.0.tgz",
      "integrity": "sha512-mU6WoEdIvlf/yTLOFSuIj4kngHQk3+LaVKa56DabQm15msRnlS5z6BpyDyvYSY7cs78UQctvm0TNeinhFgzfpg==",
      "requires": {
        "@aws-cdk/aws-ec2": "^0.30.0",
        "@aws-cdk/aws-logs": "^0.30.0",
        "@aws-cdk/cdk": "^0.30.0",
        "@aws-cdk/cx-api": "^0.30.0"
      }
    },
    "@aws-cdk/aws-s3": {
      "version": "0.30.0",
      "resolved": "https://registry.npmjs.org/@aws-cdk/aws-s3/-/aws-s3-0.30.0.tgz",
      "integrity": "sha512-auNnULAP3LFqD1RewMzi4HHSHbq4PhtV/8nTdlEeQMMRC0jLAi3M4C1aVBJxwS50zDmZ5OvK0qiFdBYNDxFoqQ==",
      "requires": {
        "@aws-cdk/aws-events": "^0.30.0",
        "@aws-cdk/aws-iam": "^0.30.0",
        "@aws-cdk/aws-kms": "^0.30.0",
        "@aws-cdk/aws-s3-notifications": "^0.30.0",
        "@aws-cdk/cdk": "^0.30.0"
      }
    },
    "@aws-cdk/aws-s3-notifications": {
      "version": "0.30.0",
      "resolved": "https://registry.npmjs.org/@aws-cdk/aws-s3-notifications/-/aws-s3-notifications-0.30.0.tgz",
      "integrity": "sha512-Ot+jlPZqV//Ddj9DY8IzJDEp8qVkWgScKGh1kZQkscWWSEhI+nT4O8YTOmGFTAgYol9i6k8nv5xzAQXzzDjVSA==",
      "requires": {
        "@aws-cdk/cdk": "^0.30.0"
      }
    },
    "@aws-cdk/aws-sns": {
      "version": "0.30.0",
      "resolved": "https://registry.npmjs.org/@aws-cdk/aws-sns/-/aws-sns-0.30.0.tgz",
      "integrity": "sha512-zn2WBHdWiw4F0Y5PQktn6q9irOVW18LaHy/r/2a5C3Del9cLlbR4L10H0B6U/YEQ8/5GobxeVmZ1hghpBoP8Tg==",
      "requires": {
        "@aws-cdk/aws-autoscaling-api": "^0.30.0",
        "@aws-cdk/aws-cloudwatch": "^0.30.0",
        "@aws-cdk/aws-events": "^0.30.0",
        "@aws-cdk/aws-iam": "^0.30.0",
        "@aws-cdk/aws-lambda": "^0.30.0",
        "@aws-cdk/aws-s3-notifications": "^0.30.0",
        "@aws-cdk/aws-sqs": "^0.30.0",
        "@aws-cdk/cdk": "^0.30.0"
      }
    },
    "@aws-cdk/aws-sqs": {
      "version": "0.30.0",
      "resolved": "https://registry.npmjs.org/@aws-cdk/aws-sqs/-/aws-sqs-0.30.0.tgz",
      "integrity": "sha512-0PCWJlY/zEgCMzVY+r8yaduC0QIHAxxKdvVfXys9FhkDDrrxHpjSwEEVptLdII3YT7BRQC4XHszuMcTpqzCGHg==",
      "requires": {
        "@aws-cdk/aws-autoscaling-api": "^0.30.0",
        "@aws-cdk/aws-cloudwatch": "^0.30.0",
        "@aws-cdk/aws-iam": "^0.30.0",
        "@aws-cdk/aws-kms": "^0.30.0",
        "@aws-cdk/aws-s3-notifications": "^0.30.0",
        "@aws-cdk/cdk": "^0.30.0"
      }
    },
    "@aws-cdk/aws-stepfunctions": {
      "version": "0.30.0",
      "resolved": "https://registry.npmjs.org/@aws-cdk/aws-stepfunctions/-/aws-stepfunctions-0.30.0.tgz",
      "integrity": "sha512-r6Ehnr1PaPusdpQ2QGfjq16i2uHJUcXi/wNLYME2leWm+EiZRnx9fvFumXyzBcghhf5OxsPWUfv6LZcNi1RMKg==",
      "requires": {
        "@aws-cdk/aws-cloudwatch": "^0.30.0",
        "@aws-cdk/aws-events": "^0.30.0",
        "@aws-cdk/aws-iam": "^0.30.0",
        "@aws-cdk/cdk": "^0.30.0"
      }
    },
    "@aws-cdk/cdk": {
      "version": "0.30.0",
      "resolved": "https://registry.npmjs.org/@aws-cdk/cdk/-/cdk-0.30.0.tgz",
      "integrity": "sha512-e0FADs3qBvWzg/6zHirUkG4+MAWYHl/IRQtYYZaAzuTEm9nk8YcPO8WTFgNLEfdAzWlQZIsGsv0yQMHt0zEaAQ==",
      "requires": {
        "@aws-cdk/cx-api": "^0.30.0"
      }
    },
    "@aws-cdk/cx-api": {
      "version": "0.30.0",
      "resolved": "https://registry.npmjs.org/@aws-cdk/cx-api/-/cx-api-0.30.0.tgz",
      "integrity": "sha512-DOrV2qggGvh2Md8zGJyX1yWsFyLGpEhfIzPLManIQ8m9+ge3H60qZ/jQlnatHciSDeflkZJD4FDl2qASbdxxYQ=="
    },
    "@aws-cdk/region-info": {
      "version": "0.30.0",
      "resolved": "https://registry.npmjs.org/@aws-cdk/region-info/-/region-info-0.30.0.tgz",
      "integrity": "sha512-iAZHy8QLihqYo7C4IegzBJvaIqcfPktxyx07Ob8UayjlnPeK347uWZE2CZu0w90YpFJmTParTe9R5jPbO3r0fg=="
    },
    "@types/node": {
      "version": "8.10.45",
      "resolved": "https://registry.npmjs.org/@types/node/-/node-8.10.45.tgz",
      "integrity": "sha512-tGVTbA+i3qfXsLbq9rEq/hezaHY55QxQLeXQL2ejNgFAxxrgu8eMmYIOsRcl7hN1uTLVsKOOYacV/rcJM3sfgQ==",
      "dev": true
    },
    "aws-cdk": {
      "version": "2.43.1",
      "resolved": "https://registry.npmjs.org/aws-cdk/-/aws-cdk-2.43.1.tgz",
      "integrity": "sha512-Y+Pomc+LdQ14h+CvFZg+FeqcLpV8MJcoFhqcoOtGi0xC8CkdGAWH+MfIWcqePk7OVOMIzDJP2eBdd9te2CrjcQ==",
      "dev": true,
      "requires": {
        "fsevents": "2.3.2"
      }
    },
    "buffer-from": {
      "version": "1.1.1",
      "resolved": "https://registry.npmjs.org/buffer-from/-/buffer-from-1.1.1.tgz",
      "integrity": "sha512-MQcXEUbCKtEo7bhqEs6560Hyd4XaovZlO/k9V3hjVUF/zwW7KBVdSK4gIt/bzwS9MbR5qob+F5jusZsb0YQK2A=="
    },
    "fsevents": {
      "version": "2.3.2",
      "resolved": "https://registry.npmjs.org/fsevents/-/fsevents-2.3.2.tgz",
      "integrity": "sha512-xiqMQR4xAeHTuB9uWm+fFRcIOgKBMiOBP+eXiyT7jsgVCq1bkVygt00oASowB7EdtpOHaaPgKt812P9ab+DDKA==",
      "dev": true,
      "optional": true
    },
    "source-map": {
      "version": "0.6.1",
      "resolved": "https://registry.npmjs.org/source-map/-/source-map-0.6.1.tgz",
      "integrity": "sha512-UjgapumWlbMhkBgzT7Ykc5YXUT46F0iKu8SGXq0bcwP5dz/h0Plj6enJqjz1Zbq2l5WaqYnrVbwWOWMyF3F47g=="
    },
    "source-map-support": {
      "version": "0.5.12",
      "resolved": "https://registry.npmjs.org/source-map-support/-/source-map-support-0.5.12.tgz",
      "integrity": "sha512-4h2Pbvyy15EE02G+JOZpUCmqWJuqrs+sEkzewTm++BPi7Hvn/HwcqLAcNxYAyI0x13CpPPn+kMjl+hplXMHITQ==",
      "requires": {
        "buffer-from": "^1.0.0",
        "source-map": "^0.6.0"
      }
    },
    "typescript": {
      "version": "3.4.5",
      "resolved": "https://registry.npmjs.org/typescript/-/typescript-3.4.5.tgz",
      "integrity": "sha512-YycBxUb49UUhdNMU5aJ7z5Ej2XGmaIBL0x34vZ82fn3hGvD+bgrMrVDpatgz2f7YxUMJxMkbWxJZeAvDxVe7Vw==",
      "dev": true
    }
  }
}
